# This file is autogenerated, do not edit; changes may be undone by the next 'dep ensure'.


[[projects]]
  branch = "master"
  name = "github.com/douglarek/dbkit"
  packages = ["dbc"]
  revision = "f7a362cb106a03e235fd747c041797ec327f4a80"

[[projects]]
  name = "github.com/gocraft/dbr"
  packages = [".","dialect"]
  revision = "b2f0ffcef2a64c0729d5818e103bc019caed7b22"
  version = "v2.1"

[[projects]]
  branch = "master"
  name = "golang.org/x/crypto"
  packages = ["bcrypt","blowfish"]
  revision = "eb71ad9bd329b5ac0fd0148dd99bd62e8be8e035"

[solve-meta]
  analyzer-name = "dep"
  analyzer-version = 1
  inputs-digest = "1a90a717660be8e1776deba4842b0f2a05cedd685d503676320ef6f484039527"
  solver-name = "gps-cdcl"
  solver-version = 1
